
Microsoft Visual Studio Solution File, Format Version 12.00
# Visual Studio Version 16
VisualStudioVersion = 16.0.33214.272
MinimumVisualStudioVersion = 10.0.40219.1
Project("{FAE04EC0-301F-11D3-BF4B-00C04F79EFBC}") = "WindowsUI", "WindowsUI\WindowsUI.csproj", "{D5DF1BAA-84F7-4838-AD2F-53D13E4C6383}"
EndProject
Project("{FAE04EC0-301F-11D3-BF4B-00C04F79EFBC}") = "Car_Class_Library", "Car_Class_Library\Car_Class_Library.csproj", "{57E6A62C-BD90-49BC-B773-BF7FCD071099}"
EndProject
Global
	GlobalSection(SolutionConfigurationPlatforms) = preSolution
		Debug|Any CPU = Debug|Any CPU
		Release|Any CPU = Release|Any CPU
	EndGlobalSection
	GlobalSection(ProjectConfigurationPlatforms) = postSolution
		{D5DF1BAA-84F7-4838-AD2F-53D13E4C6383}.Debug|Any CPU.ActiveCfg = Debug|Any CPU
		{D5DF1BAA-84F7-4838-AD2F-53D13E4C6383}.Debug|Any CPU.Build.0 = Debug|Any CPU
		{D5DF1BAA-84F7-4838-AD2F-53D13E4C6383}.Release|Any CPU.ActiveCfg = Release|Any CPU
		{D5DF1BAA-84F7-4838-AD2F-53D13E4C6383}.Release|Any CPU.Build.0 = Release|Any CPU
		{57E6A62C-BD90-49BC-B773-BF7FCD071099}.Debug|Any CPU.ActiveCfg = Debug|Any CPU
		{57E6A62C-BD90-49BC-B773-BF7FCD071099}.Debug|Any CPU.Build.0 = Debug|Any CPU
		{57E6A62C-BD90-49BC-B773-BF7FCD071099}.Release|Any CPU.ActiveCfg = Release|Any CPU
		{57E6A62C-BD90-49BC-B773-BF7FCD071099}.Release|Any CPU.Build.0 = Release|Any CPU
	EndGlobalSection
	GlobalSection(SolutionProperties) = preSolution
		HideSolutionNode = FALSE
	EndGlobalSection
	GlobalSection(ExtensibilityGlobals) = postSolution
		SolutionGuid = {B58B3AD6-3A62-43FA-8697-04C61B3AC703}
	EndGlobalSection
EndGlobal
