
Microsoft Visual Studio Solution File, Format Version 12.00
# Visual Studio Version 16
VisualStudioVersion = 16.0.32630.194
MinimumVisualStudioVersion = 10.0.40219.1
Project("{FAE04EC0-301F-11D3-BF4B-00C04F79EFBC}") = "WinUI", "WinUI\WinUI.csproj", "{AB41C906-5E9D-4600-A97E-455CC05E6013}"
EndProject
Global
	GlobalSection(SolutionConfigurationPlatforms) = preSolution
		Debug|Any CPU = Debug|Any CPU
		Release|Any CPU = Release|Any CPU
	EndGlobalSection
	GlobalSection(ProjectConfigurationPlatforms) = postSolution
		{AB41C906-5E9D-4600-A97E-455CC05E6013}.Debug|Any CPU.ActiveCfg = Debug|Any CPU
		{AB41C906-5E9D-4600-A97E-455CC05E6013}.Debug|Any CPU.Build.0 = Debug|Any CPU
		{AB41C906-5E9D-4600-A97E-455CC05E6013}.Release|Any CPU.ActiveCfg = Release|Any CPU
		{AB41C906-5E9D-4600-A97E-455CC05E6013}.Release|Any CPU.Build.0 = Release|Any CPU
	EndGlobalSection
	GlobalSection(SolutionProperties) = preSolution
		HideSolutionNode = FALSE
	EndGlobalSection
	GlobalSection(ExtensibilityGlobals) = postSolution
		SolutionGuid = {DAE3EFB1-FB02-4A76-B76F-D9BC5EC7BA2F}
	EndGlobalSection
EndGlobal
