
Microsoft Visual Studio Solution File, Format Version 12.00
# Visual Studio Version 16
VisualStudioVersion = 16.0.32630.194
MinimumVisualStudioVersion = 10.0.40219.1
Project("{FAE04EC0-301F-11D3-BF4B-00C04F79EFBC}") = "WindowsUI", "WindowsUI\WindowsUI.csproj", "{92155E3D-FFFF-4342-A8DE-A336EDAECFBF}"
EndProject
Project("{FAE04EC0-301F-11D3-BF4B-00C04F79EFBC}") = "Falling_Library", "Falling_Library\Falling_Library.csproj", "{3D9590AC-7B5E-4625-8934-8D8CF5785A6A}"
EndProject
Global
	GlobalSection(SolutionConfigurationPlatforms) = preSolution
		Debug|Any CPU = Debug|Any CPU
		Release|Any CPU = Release|Any CPU
	EndGlobalSection
	GlobalSection(ProjectConfigurationPlatforms) = postSolution
		{92155E3D-FFFF-4342-A8DE-A336EDAECFBF}.Debug|Any CPU.ActiveCfg = Debug|Any CPU
		{92155E3D-FFFF-4342-A8DE-A336EDAECFBF}.Debug|Any CPU.Build.0 = Debug|Any CPU
		{92155E3D-FFFF-4342-A8DE-A336EDAECFBF}.Release|Any CPU.ActiveCfg = Release|Any CPU
		{92155E3D-FFFF-4342-A8DE-A336EDAECFBF}.Release|Any CPU.Build.0 = Release|Any CPU
		{3D9590AC-7B5E-4625-8934-8D8CF5785A6A}.Debug|Any CPU.ActiveCfg = Debug|Any CPU
		{3D9590AC-7B5E-4625-8934-8D8CF5785A6A}.Debug|Any CPU.Build.0 = Debug|Any CPU
		{3D9590AC-7B5E-4625-8934-8D8CF5785A6A}.Release|Any CPU.ActiveCfg = Release|Any CPU
		{3D9590AC-7B5E-4625-8934-8D8CF5785A6A}.Release|Any CPU.Build.0 = Release|Any CPU
	EndGlobalSection
	GlobalSection(SolutionProperties) = preSolution
		HideSolutionNode = FALSE
	EndGlobalSection
	GlobalSection(ExtensibilityGlobals) = postSolution
		SolutionGuid = {2199CC5F-6796-4E44-8325-8DF600350DDB}
	EndGlobalSection
EndGlobal
