
Microsoft Visual Studio Solution File, Format Version 12.00
# Visual Studio Version 16
VisualStudioVersion = 16.0.32630.194
MinimumVisualStudioVersion = 10.0.40219.1
Project("{FAE04EC0-301F-11D3-BF4B-00C04F79EFBC}") = "M2HW1_quayles5806", "M2HW1_quayles5806\M2HW1_quayles5806.csproj", "{48A3F85E-046B-4862-8180-936CECA6AFF1}"
EndProject
Global
	GlobalSection(SolutionConfigurationPlatforms) = preSolution
		Debug|Any CPU = Debug|Any CPU
		Release|Any CPU = Release|Any CPU
	EndGlobalSection
	GlobalSection(ProjectConfigurationPlatforms) = postSolution
		{48A3F85E-046B-4862-8180-936CECA6AFF1}.Debug|Any CPU.ActiveCfg = Debug|Any CPU
		{48A3F85E-046B-4862-8180-936CECA6AFF1}.Debug|Any CPU.Build.0 = Debug|Any CPU
		{48A3F85E-046B-4862-8180-936CECA6AFF1}.Release|Any CPU.ActiveCfg = Release|Any CPU
		{48A3F85E-046B-4862-8180-936CECA6AFF1}.Release|Any CPU.Build.0 = Release|Any CPU
	EndGlobalSection
	GlobalSection(SolutionProperties) = preSolution
		HideSolutionNode = FALSE
	EndGlobalSection
	GlobalSection(ExtensibilityGlobals) = postSolution
		SolutionGuid = {7D6EAFC3-A8D8-4DB1-8083-BB4894F87CAB}
	EndGlobalSection
EndGlobal
